
Microsoft Visual Studio Solution File, Format Version 12.00
# Visual Studio Version 17
VisualStudioVersion = 17.7.34202.233
MinimumVisualStudioVersion = 10.0.40219.1
Project("{FAE04EC0-301F-11D3-BF4B-00C04F79EFBC}") = "Prueva", "Prueva\Prueva.csproj", "{2E47F2B9-3B6C-435D-B27F-EC866B423EFC}"
EndProject
Global
	GlobalSection(SolutionConfigurationPlatforms) = preSolution
		Debug|Any CPU = Debug|Any CPU
		Release|Any CPU = Release|Any CPU
	EndGlobalSection
	GlobalSection(ProjectConfigurationPlatforms) = postSolution
		{2E47F2B9-3B6C-435D-B27F-EC866B423EFC}.Debug|Any CPU.ActiveCfg = Debug|Any CPU
		{2E47F2B9-3B6C-435D-B27F-EC866B423EFC}.Debug|Any CPU.Build.0 = Debug|Any CPU
		{2E47F2B9-3B6C-435D-B27F-EC866B423EFC}.Release|Any CPU.ActiveCfg = Release|Any CPU
		{2E47F2B9-3B6C-435D-B27F-EC866B423EFC}.Release|Any CPU.Build.0 = Release|Any CPU
	EndGlobalSection
	GlobalSection(SolutionProperties) = preSolution
		HideSolutionNode = FALSE
	EndGlobalSection
	GlobalSection(ExtensibilityGlobals) = postSolution
		SolutionGuid = {86EC0F5B-E847-4DB3-8689-C3E7B4752396}
	EndGlobalSection
EndGlobal
